// !$*UTF8*$!
{
	archiveVersion = 1;
	classes = {
	};
	objectVersion = 50;
	objects = {

/* Begin PBXBuildFile section */
		74B3E9FF2676032800E500D5 /* UIConfig.swift in Sources */ = {isa = PBXBuildFile; fileRef = 74B3E9FE2676032800E500D5 /* UIConfig.swift */; };
		74B75AB9266CB60000ADD85B /* test.swift in Sources */ = {isa = PBXBuildFile; fileRef = 74B75AB8266CB60000ADD85B /* test.swift */; };
		74C25AEF267F152700E516C9 /* UIBlockerLevel.swift in Sources */ = {isa = PBXBuildFile; fileRef = 74C25AEE267F152700E516C9 /* UIBlockerLevel.swift */; };
		74E3E5BD266B59A500BF4DDE /* UIAddBlocker1.swift in Sources */ = {isa = PBXBuildFile; fileRef = 74E3E5BC266B59A500BF4DDE /* UIAddBlocker1.swift */; };
		74E3E5C0266B59B900BF4DDE /* UIDeposit.swift in Sources */ = {isa = PBXBuildFile; fileRef = 74E3E5BF266B59B900BF4DDE /* UIDeposit.swift */; };
		74E3E5D7266B74AB00BF4DDE /* Utils.swift in Sources */ = {isa = PBXBuildFile; fileRef = 74E3E5D6266B74AB00BF4DDE /* Utils.swift */; };
		74E63AAA26692A39008ABB40 /* BlockersAlphaNoDataApp.swift in Sources */ = {isa = PBXBuildFile; fileRef = 74E63AA926692A39008ABB40 /* BlockersAlphaNoDataApp.swift */; };
		74E63AAC26692A39008ABB40 /* UIMain.swift in Sources */ = {isa = PBXBuildFile; fileRef = 74E63AAB26692A39008ABB40 /* UIMain.swift */; };
		74E63AAE26692A3B008ABB40 /* Assets.xcassets in Resources */ = {isa = PBXBuildFile; fileRef = 74E63AAD26692A3B008ABB40 /* Assets.xcassets */; };
		74E63AB126692A3B008ABB40 /* Preview Assets.xcassets in Resources */ = {isa = PBXBuildFile; fileRef = 74E63AB026692A3B008ABB40 /* Preview Assets.xcassets */; };
		74E63ABF26693221008ABB40 /* ModelBlocker.swift in Sources */ = {isa = PBXBuildFile; fileRef = 74E63ABE26693220008ABB40 /* ModelBlocker.swift */; };
		74E63AC3266936AB008ABB40 /* UIDetail.swift in Sources */ = {isa = PBXBuildFile; fileRef = 74E63AC2266936AB008ABB40 /* UIDetail.swift */; };
/* End PBXBuildFile section */

/* Begin PBXFileReference section */
		74B3E9FE2676032800E500D5 /* UIConfig.swift */ = {isa = PBXFileReference; lastKnownFileType = sourcecode.swift; path = UIConfig.swift; sourceTree = "<group>"; };
		74B75AB8266CB60000ADD85B /* test.swift */ = {isa = PBXFileReference; lastKnownFileType = sourcecode.swift; path = test.swift; sourceTree = "<group>"; };
		74C25AEE267F152700E516C9 /* UIBlockerLevel.swift */ = {isa = PBXFileReference; lastKnownFileType = sourcecode.swift; path = UIBlockerLevel.swift; sourceTree = "<group>"; };
		74E3E5BC266B59A500BF4DDE /* UIAddBlocker1.swift */ = {isa = PBXFileReference; lastKnownFileType = sourcecode.swift; path = UIAddBlocker1.swift; sourceTree = "<group>"; };
		74E3E5BF266B59B900BF4DDE /* UIDeposit.swift */ = {isa = PBXFileReference; lastKnownFileType = sourcecode.swift; path = UIDeposit.swift; sourceTree = "<group>"; };
		74E3E5D6266B74AB00BF4DDE /* Utils.swift */ = {isa = PBXFileReference; lastKnownFileType = sourcecode.swift; path = Utils.swift; sourceTree = "<group>"; };
		74E63AA626692A39008ABB40 /* BlockersAlphaNoData.app */ = {isa = PBXFileReference; explicitFileType = wrapper.application; includeInIndex = 0; path = BlockersAlphaNoData.app; sourceTree = BUILT_PRODUCTS_DIR; };
		74E63AA926692A39008ABB40 /* BlockersAlphaNoDataApp.swift */ = {isa = PBXFileReference; lastKnownFileType = sourcecode.swift; path = BlockersAlphaNoDataApp.swift; sourceTree = "<group>"; };
		74E63AAB26692A39008ABB40 /* UIMain.swift */ = {isa = PBXFileReference; lastKnownFileType = sourcecode.swift; path = UIMain.swift; sourceTree = "<group>"; };
		74E63AAD26692A3B008ABB40 /* Assets.xcassets */ = {isa = PBXFileReference; lastKnownFileType = folder.assetcatalog; path = Assets.xcassets; sourceTree = "<group>"; };
		74E63AB026692A3B008ABB40 /* Preview Assets.xcassets */ = {isa = PBXFileReference; lastKnownFileType = folder.assetcatalog; path = "Preview Assets.xcassets"; sourceTree = "<group>"; };
		74E63AB226692A3B008ABB40 /* Info.plist */ = {isa = PBXFileReference; lastKnownFileType = text.plist.xml; path = Info.plist; sourceTree = "<group>"; };
		74E63ABE26693220008ABB40 /* ModelBlocker.swift */ = {isa = PBXFileReference; lastKnownFileType = sourcecode.swift; path = ModelBlocker.swift; sourceTree = "<group>"; };
		74E63AC2266936AB008ABB40 /* UIDetail.swift */ = {isa = PBXFileReference; lastKnownFileType = sourcecode.swift; path = UIDetail.swift; sourceTree = "<group>"; };
/* End PBXFileReference section */

/* Begin PBXFrameworksBuildPhase section */
		74E63AA326692A39008ABB40 /* Frameworks */ = {
			isa = PBXFrameworksBuildPhase;
			buildActionMask = 2147483647;
			files = (
			);
			runOnlyForDeploymentPostprocessing = 0;
		};
/* End PBXFrameworksBuildPhase section */

/* Begin PBXGroup section */
		74848DE926905B6C00764BCA /* View */ = {
			isa = PBXGroup;
			children = (
				74E63AAB26692A39008ABB40 /* UIMain.swift */,
				74C25AEE267F152700E516C9 /* UIBlockerLevel.swift */,
				74B3E9FE2676032800E500D5 /* UIConfig.swift */,
				74E63AC2266936AB008ABB40 /* UIDetail.swift */,
				74E3E5BC266B59A500BF4DDE /* UIAddBlocker1.swift */,
				74E3E5BF266B59B900BF4DDE /* UIDeposit.swift */,
			);
			path = View;
			sourceTree = "<group>";
		};
		74848DEB26905C0E00764BCA /* Utilities */ = {
			isa = PBXGroup;
			children = (
				74E3E5D6266B74AB00BF4DDE /* Utils.swift */,
			);
			path = Utilities;
			sourceTree = "<group>";
		};
		74848DED26905C1B00764BCA /* Model */ = {
			isa = PBXGroup;
			children = (
				74E63ABE26693220008ABB40 /* ModelBlocker.swift */,
			);
			path = Model;
			sourceTree = "<group>";
		};
		74E63A9D26692A39008ABB40 = {
			isa = PBXGroup;
			children = (
				74E63AA826692A39008ABB40 /* BlockersAlphaNoData */,
				74E63AA726692A39008ABB40 /* Products */,
			);
			sourceTree = "<group>";
		};
		74E63AA726692A39008ABB40 /* Products */ = {
			isa = PBXGroup;
			children = (
				74E63AA626692A39008ABB40 /* BlockersAlphaNoData.app */,
			);
			name = Products;
			sourceTree = "<group>";
		};
		74E63AA826692A39008ABB40 /* BlockersAlphaNoData */ = {
			isa = PBXGroup;
			children = (
				74E63AA926692A39008ABB40 /* BlockersAlphaNoDataApp.swift */,
				74848DE926905B6C00764BCA /* View */,
				74B75AB8266CB60000ADD85B /* test.swift */,
				74848DEB26905C0E00764BCA /* Utilities */,
				74848DED26905C1B00764BCA /* Model */,
				74E63AAD26692A3B008ABB40 /* Assets.xcassets */,
				74E63AB226692A3B008ABB40 /* Info.plist */,
				74E63AAF26692A3B008ABB40 /* Preview Content */,
			);
			path = BlockersAlphaNoData;
			sourceTree = "<group>";
		};
		74E63AAF26692A3B008ABB40 /* Preview Content */ = {
			isa = PBXGroup;
			children = (
				74E63AB026692A3B008ABB40 /* Preview Assets.xcassets */,
			);
			path = "Preview Content";
			sourceTree = "<group>";
		};
/* End PBXGroup section */

/* Begin PBXNativeTarget section */
		74E63AA526692A39008ABB40 /* BlockersAlphaNoData */ = {
			isa = PBXNativeTarget;
			buildConfigurationList = 74E63AB526692A3B008ABB40 /* Build configuration list for PBXNativeTarget "BlockersAlphaNoData" */;
			buildPhases = (
				74E63AA226692A39008ABB40 /* Sources */,
				74E63AA326692A39008ABB40 /* Frameworks */,
				74E63AA426692A39008ABB40 /* Resources */,
			);
			buildRules = (
			);
			dependencies = (
			);
			name = BlockersAlphaNoData;
			productName = BlockersAlphaNoData;
			productReference = 74E63AA626692A39008ABB40 /* BlockersAlphaNoData.app */;
			productType = "com.apple.product-type.application";
		};
/* End PBXNativeTarget section */

/* Begin PBXProject section */
		74E63A9E26692A39008ABB40 /* Project object */ = {
			isa = PBXProject;
			attributes = {
				LastSwiftUpdateCheck = 1240;
				LastUpgradeCheck = 1240;
				TargetAttributes = {
					74E63AA526692A39008ABB40 = {
						CreatedOnToolsVersion = 12.4;
					};
				};
			};
			buildConfigurationList = 74E63AA126692A39008ABB40 /* Build configuration list for PBXProject "BlockersAlphaNoData" */;
			compatibilityVersion = "Xcode 9.3";
			developmentRegion = en;
			hasScannedForEncodings = 0;
			knownRegions = (
				en,
				Base,
			);
			mainGroup = 74E63A9D26692A39008ABB40;
			productRefGroup = 74E63AA726692A39008ABB40 /* Products */;
			projectDirPath = "";
			projectRoot = "";
			targets = (
				74E63AA526692A39008ABB40 /* BlockersAlphaNoData */,
			);
		};
/* End PBXProject section */

/* Begin PBXResourcesBuildPhase section */
		74E63AA426692A39008ABB40 /* Resources */ = {
			isa = PBXResourcesBuildPhase;
			buildActionMask = 2147483647;
			files = (
				74E63AB126692A3B008ABB40 /* Preview Assets.xcassets in Resources */,
				74E63AAE26692A3B008ABB40 /* Assets.xcassets in Resources */,
			);
			runOnlyForDeploymentPostprocessing = 0;
		};
/* End PBXResourcesBuildPhase section */

/* Begin PBXSourcesBuildPhase section */
		74E63AA226692A39008ABB40 /* Sources */ = {
			isa = PBXSourcesBuildPhase;
			buildActionMask = 2147483647;
			files = (
				74B3E9FF2676032800E500D5 /* UIConfig.swift in Sources */,
				74E3E5C0266B59B900BF4DDE /* UIDeposit.swift in Sources */,
				74E63ABF26693221008ABB40 /* ModelBlocker.swift in Sources */,
				74E63AAC26692A39008ABB40 /* UIMain.swift in Sources */,
				74E3E5D7266B74AB00BF4DDE /* Utils.swift in Sources */,
				74C25AEF267F152700E516C9 /* UIBlockerLevel.swift in Sources */,
				74E3E5BD266B59A500BF4DDE /* UIAddBlocker1.swift in Sources */,
				74B75AB9266CB60000ADD85B /* test.swift in Sources */,
				74E63AC3266936AB008ABB40 /* UIDetail.swift in Sources */,
				74E63AAA26692A39008ABB40 /* BlockersAlphaNoDataApp.swift in Sources */,
			);
			runOnlyForDeploymentPostprocessing = 0;
		};
/* End PBXSourcesBuildPhase section */

/* Begin XCBuildConfiguration section */
		74E63AB326692A3B008ABB40 /* Debug */ = {
			isa = XCBuildConfiguration;
			buildSettings = {
				ALWAYS_SEARCH_USER_PATHS = NO;
				CLANG_ANALYZER_NONNULL = YES;
				CLANG_ANALYZER_NUMBER_OBJECT_CONVERSION = YES_AGGRESSIVE;
				CLANG_CXX_LANGUAGE_STANDARD = "gnu++14";
				CLANG_CXX_LIBRARY = "libc++";
				CLANG_ENABLE_MODULES = YES;
				CLANG_ENABLE_OBJC_ARC = YES;
				CLANG_ENABLE_OBJC_WEAK = YES;
				CLANG_WARN_BLOCK_CAPTURE_AUTORELEASING = YES;
				CLANG_WARN_BOOL_CONVERSION = YES;
				CLANG_WARN_COMMA = YES;
				CLANG_WARN_CONSTANT_CONVERSION = YES;
				CLANG_WARN_DEPRECATED_OBJC_IMPLEMENTATIONS = YES;
				CLANG_WARN_DIRECT_OBJC_ISA_USAGE = YES_ERROR;
				CLANG_WARN_DOCUMENTATION_COMMENTS = YES;
				CLANG_WARN_EMPTY_BODY = YES;
				CLANG_WARN_ENUM_CONVERSION = YES;
				CLANG_WARN_INFINITE_RECURSION = YES;
				CLANG_WARN_INT_CONVERSION = YES;
				CLANG_WARN_NON_LITERAL_NULL_CONVERSION = YES;
				CLANG_WARN_OBJC_IMPLICIT_RETAIN_SELF = YES;
				CLANG_WARN_OBJC_LITERAL_CONVERSION = YES;
				CLANG_WARN_OBJC_ROOT_CLASS = YES_ERROR;
				CLANG_WARN_QUOTED_INCLUDE_IN_FRAMEWORK_HEADER = YES;
				CLANG_WARN_RANGE_LOOP_ANALYSIS = YES;
				CLANG_WARN_STRICT_PROTOTYPES = YES;
				CLANG_WARN_SUSPICIOUS_MOVE = YES;
				CLANG_WARN_UNGUARDED_AVAILABILITY = YES_AGGRESSIVE;
				CLANG_WARN_UNREACHABLE_CODE = YES;
				CLANG_WARN__DUPLICATE_METHOD_MATCH = YES;
				COPY_PHASE_STRIP = NO;
				DEBUG_INFORMATION_FORMAT = dwarf;
				ENABLE_STRICT_OBJC_MSGSEND = YES;
				ENABLE_TESTABILITY = YES;
				GCC_C_LANGUAGE_STANDARD = gnu11;
				GCC_DYNAMIC_NO_PIC = NO;
				GCC_NO_COMMON_BLOCKS = YES;
				GCC_OPTIMIZATION_LEVEL = 0;
				GCC_PREPROCESSOR_DEFINITIONS = (
					"DEBUG=1",
					"$(inherited)",
				);
				GCC_WARN_64_TO_32_BIT_CONVERSION = YES;
				GCC_WARN_ABOUT_RETURN_TYPE = YES_ERROR;
				GCC_WARN_UNDECLARED_SELECTOR = YES;
				GCC_WARN_UNINITIALIZED_AUTOS = YES_AGGRESSIVE;
				GCC_WARN_UNUSED_FUNCTION = YES;
				GCC_WARN_UNUSED_VARIABLE = YES;
				IPHONEOS_DEPLOYMENT_TARGET = 14.4;
				MTL_ENABLE_DEBUG_INFO = INCLUDE_SOURCE;
				MTL_FAST_MATH = YES;
				ONLY_ACTIVE_ARCH = YES;
				SDKROOT = iphoneos;
				SWIFT_ACTIVE_COMPILATION_CONDITIONS = DEBUG;
				SWIFT_OPTIMIZATION_LEVEL = "-Onone";
			};
			name = Debug;
		};
		74E63AB426692A3B008ABB40 /* Release */ = {
			isa = XCBuildConfiguration;
			buildSettings = {
				ALWAYS_SEARCH_USER_PATHS = NO;
				CLANG_ANALYZER_NONNULL = YES;
				CLANG_ANALYZER_NUMBER_OBJECT_CONVERSION = YES_AGGRESSIVE;
				CLANG_CXX_LANGUAGE_STANDARD = "gnu++14";
				CLANG_CXX_LIBRARY = "libc++";
				CLANG_ENABLE_MODULES = YES;
				CLANG_ENABLE_OBJC_ARC = YES;
				CLANG_ENABLE_OBJC_WEAK = YES;
				CLANG_WARN_BLOCK_CAPTURE_AUTORELEASING = YES;
				CLANG_WARN_BOOL_CONVERSION = YES;
				CLANG_WARN_COMMA = YES;
				CLANG_WARN_CONSTANT_CONVERSION = YES;
				CLANG_WARN_DEPRECATED_OBJC_IMPLEMENTATIONS = YES;
				CLANG_WARN_DIRECT_OBJC_ISA_USAGE = YES_ERROR;
				CLANG_WARN_DOCUMENTATION_COMMENTS = YES;
				CLANG_WARN_EMPTY_BODY = YES;
				CLANG_WARN_ENUM_CONVERSION = YES;
				CLANG_WARN_INFINITE_RECURSION = YES;
				CLANG_WARN_INT_CONVERSION = YES;
				CLANG_WARN_NON_LITERAL_NULL_CONVERSION = YES;
				CLANG_WARN_OBJC_IMPLICIT_RETAIN_SELF = YES;
				CLANG_WARN_OBJC_LITERAL_CONVERSION = YES;
				CLANG_WARN_OBJC_ROOT_CLASS = YES_ERROR;
				CLANG_WARN_QUOTED_INCLUDE_IN_FRAMEWORK_HEADER = YES;
				CLANG_WARN_RANGE_LOOP_ANALYSIS = YES;
				CLANG_WARN_STRICT_PROTOTYPES = YES;
				CLANG_WARN_SUSPICIOUS_MOVE = YES;
				CLANG_WARN_UNGUARDED_AVAILABILITY = YES_AGGRESSIVE;
				CLANG_WARN_UNREACHABLE_CODE = YES;
				CLANG_WARN__DUPLICATE_METHOD_MATCH = YES;
				COPY_PHASE_STRIP = NO;
				DEBUG_INFORMATION_FORMAT = "dwarf-with-dsym";
				ENABLE_NS_ASSERTIONS = NO;
				ENABLE_STRICT_OBJC_MSGSEND = YES;
				GCC_C_LANGUAGE_STANDARD = gnu11;
				GCC_NO_COMMON_BLOCKS = YES;
				GCC_WARN_64_TO_32_BIT_CONVERSION = YES;
				GCC_WARN_ABOUT_RETURN_TYPE = YES_ERROR;
				GCC_WARN_UNDECLARED_SELECTOR = YES;
				GCC_WARN_UNINITIALIZED_AUTOS = YES_AGGRESSIVE;
				GCC_WARN_UNUSED_FUNCTION = YES;
				GCC_WARN_UNUSED_VARIABLE = YES;
				IPHONEOS_DEPLOYMENT_TARGET = 14.4;
				MTL_ENABLE_DEBUG_INFO = NO;
				MTL_FAST_MATH = YES;
				SDKROOT = iphoneos;
				SWIFT_COMPILATION_MODE = wholemodule;
				SWIFT_OPTIMIZATION_LEVEL = "-O";
				VALIDATE_PRODUCT = YES;
			};
			name = Release;
		};
		74E63AB626692A3B008ABB40 /* Debug */ = {
			isa = XCBuildConfiguration;
			buildSettings = {
				ASSETCATALOG_COMPILER_APPICON_NAME = AppIcon;
				ASSETCATALOG_COMPILER_GLOBAL_ACCENT_COLOR_NAME = AccentColor;
				CODE_SIGN_STYLE = Automatic;
				DEVELOPMENT_ASSET_PATHS = "\"BlockersAlphaNoData/Preview Content\"";
				DEVELOPMENT_TEAM = YN3JSHXR3K;
				ENABLE_PREVIEWS = YES;
				INFOPLIST_FILE = BlockersAlphaNoData/Info.plist;
				IPHONEOS_DEPLOYMENT_TARGET = 14.0;
				LD_RUNPATH_SEARCH_PATHS = (
					"$(inherited)",
					"@executable_path/Frameworks",
				);
				PRODUCT_BUNDLE_IDENTIFIER = christina.BlockersAlphaNoData;
				PRODUCT_NAME = "$(TARGET_NAME)";
				SWIFT_VERSION = 5.0;
				TARGETED_DEVICE_FAMILY = "1,2";
			};
			name = Debug;
		};
		74E63AB726692A3B008ABB40 /* Release */ = {
			isa = XCBuildConfiguration;
			buildSettings = {
				ASSETCATALOG_COMPILER_APPICON_NAME = AppIcon;
				ASSETCATALOG_COMPILER_GLOBAL_ACCENT_COLOR_NAME = AccentColor;
				CODE_SIGN_STYLE = Automatic;
				DEVELOPMENT_ASSET_PATHS = "\"BlockersAlphaNoData/Preview Content\"";
				DEVELOPMENT_TEAM = YN3JSHXR3K;
				ENABLE_PREVIEWS = YES;
				INFOPLIST_FILE = BlockersAlphaNoData/Info.plist;
				IPHONEOS_DEPLOYMENT_TARGET = 14.0;
				LD_RUNPATH_SEARCH_PATHS = (
					"$(inherited)",
					"@executable_path/Frameworks",
				);
				PRODUCT_BUNDLE_IDENTIFIER = christina.BlockersAlphaNoData;
				PRODUCT_NAME = "$(TARGET_NAME)";
				SWIFT_VERSION = 5.0;
				TARGETED_DEVICE_FAMILY = "1,2";
			};
			name = Release;
		};
/* End XCBuildConfiguration section */

/* Begin XCConfigurationList section */
		74E63AA126692A39008ABB40 /* Build configuration list for PBXProject "BlockersAlphaNoData" */ = {
			isa = XCConfigurationList;
			buildConfigurations = (
				74E63AB326692A3B008ABB40 /* Debug */,
				74E63AB426692A3B008ABB40 /* Release */,
			);
			defaultConfigurationIsVisible = 0;
			defaultConfigurationName = Release;
		};
		74E63AB526692A3B008ABB40 /* Build configuration list for PBXNativeTarget "BlockersAlphaNoData" */ = {
			isa = XCConfigurationList;
			buildConfigurations = (
				74E63AB626692A3B008ABB40 /* Debug */,
				74E63AB726692A3B008ABB40 /* Release */,
			);
			defaultConfigurationIsVisible = 0;
			defaultConfigurationName = Release;
		};
/* End XCConfigurationList section */
	};
	rootObject = 74E63A9E26692A39008ABB40 /* Project object */;
}
